
Microsoft Visual Studio Solution File, Format Version 12.00
# Visual Studio 15
VisualStudioVersion = 15.0.26206.0
MinimumVisualStudioVersion = 10.0.40219.1
Project("{8BC9CEB8-8B4A-11D0-8D11-00A0C91BC942}") = "paste", "paste\paste.vcxproj", "{262F01ED-1208-4258-A63C-5B4F6A38348E}"
EndProject
Project("{8BC9CEB8-8B4A-11D0-8D11-00A0C91BC942}") = "clip", "clip\clip.vcxproj", "{E3E250A8-CC99-4495-81B0-639C5E76BEF6}"
EndProject
Global
	GlobalSection(SolutionConfigurationPlatforms) = preSolution
		Debug|x64 = Debug|x64
		Debug|x86 = Debug|x86
		Release|x64 = Release|x64
		Release|x86 = Release|x86
	EndGlobalSection
	GlobalSection(ProjectConfigurationPlatforms) = postSolution
		{262F01ED-1208-4258-A63C-5B4F6A38348E}.Debug|x64.ActiveCfg = Debug|x64
		{262F01ED-1208-4258-A63C-5B4F6A38348E}.Debug|x64.Build.0 = Debug|x64
		{262F01ED-1208-4258-A63C-5B4F6A38348E}.Debug|x86.ActiveCfg = Debug|Win32
		{262F01ED-1208-4258-A63C-5B4F6A38348E}.Debug|x86.Build.0 = Debug|Win32
		{262F01ED-1208-4258-A63C-5B4F6A38348E}.Release|x64.ActiveCfg = Release|x64
		{262F01ED-1208-4258-A63C-5B4F6A38348E}.Release|x64.Build.0 = Release|x64
		{262F01ED-1208-4258-A63C-5B4F6A38348E}.Release|x86.ActiveCfg = Release|Win32
		{262F01ED-1208-4258-A63C-5B4F6A38348E}.Release|x86.Build.0 = Release|Win32
		{E3E250A8-CC99-4495-81B0-639C5E76BEF6}.Debug|x64.ActiveCfg = Debug|x64
		{E3E250A8-CC99-4495-81B0-639C5E76BEF6}.Debug|x64.Build.0 = Debug|x64
		{E3E250A8-CC99-4495-81B0-639C5E76BEF6}.Debug|x86.ActiveCfg = Debug|Win32
		{E3E250A8-CC99-4495-81B0-639C5E76BEF6}.Debug|x86.Build.0 = Debug|Win32
		{E3E250A8-CC99-4495-81B0-639C5E76BEF6}.Release|x64.ActiveCfg = Release|x64
		{E3E250A8-CC99-4495-81B0-639C5E76BEF6}.Release|x64.Build.0 = Release|x64
		{E3E250A8-CC99-4495-81B0-639C5E76BEF6}.Release|x86.ActiveCfg = Release|Win32
		{E3E250A8-CC99-4495-81B0-639C5E76BEF6}.Release|x86.Build.0 = Release|Win32
	EndGlobalSection
	GlobalSection(SolutionProperties) = preSolution
		HideSolutionNode = FALSE
	EndGlobalSection
	GlobalSection(ExtensibilityGlobals) = postSolution
		SolutionGuid = {F8C36057-BBA9-482E-B9FF-BAF6D995FE2F}
	EndGlobalSection
EndGlobal
